
Microsoft Visual Studio Solution File, Format Version 12.00
# Visual Studio Version 17
VisualStudioVersion = 17.5.33530.505
MinimumVisualStudioVersion = 10.0.40219.1
Project("{FAE04EC0-301F-11D3-BF4B-00C04F79EFBC}") = "Banco", "Banco.csproj", "{D336F9E9-B67A-40D2-A7FC-B45AA2EBC7D4}"
EndProject
Global
	GlobalSection(SolutionConfigurationPlatforms) = preSolution
		Debug|Any CPU = Debug|Any CPU
		Release|Any CPU = Release|Any CPU
	EndGlobalSection
	GlobalSection(ProjectConfigurationPlatforms) = postSolution
		{D336F9E9-B67A-40D2-A7FC-B45AA2EBC7D4}.Debug|Any CPU.ActiveCfg = Debug|Any CPU
		{D336F9E9-B67A-40D2-A7FC-B45AA2EBC7D4}.Debug|Any CPU.Build.0 = Debug|Any CPU
		{D336F9E9-B67A-40D2-A7FC-B45AA2EBC7D4}.Release|Any CPU.ActiveCfg = Release|Any CPU
		{D336F9E9-B67A-40D2-A7FC-B45AA2EBC7D4}.Release|Any CPU.Build.0 = Release|Any CPU
	EndGlobalSection
	GlobalSection(SolutionProperties) = preSolution
		HideSolutionNode = FALSE
	EndGlobalSection
	GlobalSection(ExtensibilityGlobals) = postSolution
		SolutionGuid = {646BF4D4-2E7A-4F10-A5C6-56AF31F9FF08}
	EndGlobalSection
EndGlobal
